// !$*UTF8*$!
{
	archiveVersion = 1;
	classes = {
	};
	objectVersion = 46;
	objects = {

/* Begin PBXBuildFile section */
		ED041D021832BF4E007D2CEC /* QuartzCore.framework in Frameworks */ = {isa = PBXBuildFile; fileRef = ED041D011832BF4E007D2CEC /* QuartzCore.framework */; };
		ED2991541899E7DA00A89AAB /* github-buttons.html in Resources */ = {isa = PBXBuildFile; fileRef = ED2991531899E7DA00A89AAB /* github-buttons.html */; };
		ED548D0C17EA7447003D9B08 /* acontece_no_porto.gif in Resources */ = {isa = PBXBuildFile; fileRef = ED548D0B17EA7447003D9B08 /* acontece_no_porto.gif */; };
		ED6751611899AFC600E6FAEF /* about.html in Resources */ = {isa = PBXBuildFile; fileRef = ED6751601899AFC600E6FAEF /* about.html */; };
		ED6751631899AFD200E6FAEF /* theiostream.html in Resources */ = {isa = PBXBuildFile; fileRef = ED6751621899AFD200E6FAEF /* theiostream.html */; };
		ED80CC2918958C0B0078D82B /* news_base.html in Resources */ = {isa = PBXBuildFile; fileRef = ED80CC2818958C0B0078D82B /* news_base.html */; };
		ED8DD83417EA2B0800864BFA /* CoreText.framework in Frameworks */ = {isa = PBXBuildFile; fileRef = ED8DD83317EA2B0800864BFA /* CoreText.framework */; };
		EDB4080517E25F7500521640 /* UIKit.framework in Frameworks */ = {isa = PBXBuildFile; fileRef = EDB4080417E25F7500521640 /* UIKit.framework */; };
		EDB4080717E25F7500521640 /* Foundation.framework in Frameworks */ = {isa = PBXBuildFile; fileRef = EDB4080617E25F7500521640 /* Foundation.framework */; };
		EDB4080917E25F7500521640 /* CoreGraphics.framework in Frameworks */ = {isa = PBXBuildFile; fileRef = EDB4080817E25F7500521640 /* CoreGraphics.framework */; };
		EDB4080F17E25F7500521640 /* InfoPlist.strings in Resources */ = {isa = PBXBuildFile; fileRef = EDB4080D17E25F7500521640 /* InfoPlist.strings */; };
		EDB4081717E25F7500521640 /* Default.png in Resources */ = {isa = PBXBuildFile; fileRef = EDB4081617E25F7500521640 /* Default.png */; };
		EDB4081917E25F7500521640 /* Default@2x.png in Resources */ = {isa = PBXBuildFile; fileRef = EDB4081817E25F7500521640 /* Default@2x.png */; };
		EDB4081B17E25F7500521640 /* Default-568h@2x.png in Resources */ = {isa = PBXBuildFile; fileRef = EDB4081A17E25F7500521640 /* Default-568h@2x.png */; };
		EDB4082317E25FA600521640 /* Bozo.mm in Sources */ = {isa = PBXBuildFile; fileRef = EDB4082217E25FA600521640 /* Bozo.mm */; };
		EDBFFDD517E926A800C393D5 /* libxml2.2.dylib in Frameworks */ = {isa = PBXBuildFile; fileRef = EDBFFDD417E926A800C393D5 /* libxml2.2.dylib */; };
		EDD1A9F717E7C27B00AA26CF /* Security.framework in Frameworks */ = {isa = PBXBuildFile; fileRef = EDD1A9F617E7C27B00AA26CF /* Security.framework */; };
		EDEFF75A1889E1CD00FB7B2A /* parser.c in Sources */ = {isa = PBXBuildFile; fileRef = EDEFF7591889E1CD00FB7B2A /* parser.c */; };
		EDEFF75C1889FE3C00FB7B2A /* libb64.a in Frameworks */ = {isa = PBXBuildFile; fileRef = EDEFF75B1889FE3C00FB7B2A /* libb64.a */; };
/* End PBXBuildFile section */

/* Begin PBXFileReference section */
		ED041D011832BF4E007D2CEC /* QuartzCore.framework */ = {isa = PBXFileReference; lastKnownFileType = wrapper.framework; name = QuartzCore.framework; path = System/Library/Frameworks/QuartzCore.framework; sourceTree = SDKROOT; };
		ED2991531899E7DA00A89AAB /* github-buttons.html */ = {isa = PBXFileReference; fileEncoding = 4; lastKnownFileType = text.html; path = "github-buttons.html"; sourceTree = "<group>"; };
		ED548D0B17EA7447003D9B08 /* acontece_no_porto.gif */ = {isa = PBXFileReference; lastKnownFileType = image.gif; path = acontece_no_porto.gif; sourceTree = "<group>"; };
		ED6751601899AFC600E6FAEF /* about.html */ = {isa = PBXFileReference; fileEncoding = 4; lastKnownFileType = text.html; path = about.html; sourceTree = "<group>"; };
		ED6751621899AFD200E6FAEF /* theiostream.html */ = {isa = PBXFileReference; fileEncoding = 4; lastKnownFileType = text.html; path = theiostream.html; sourceTree = "<group>"; };
		ED80CC2818958C0B0078D82B /* news_base.html */ = {isa = PBXFileReference; fileEncoding = 4; lastKnownFileType = text.html; path = news_base.html; sourceTree = "<group>"; };
		ED8DD83317EA2B0800864BFA /* CoreText.framework */ = {isa = PBXFileReference; lastKnownFileType = wrapper.framework; name = CoreText.framework; path = System/Library/Frameworks/CoreText.framework; sourceTree = SDKROOT; };
		EDB4080117E25F7500521640 /* PortoApp.app */ = {isa = PBXFileReference; explicitFileType = wrapper.application; includeInIndex = 0; path = PortoApp.app; sourceTree = BUILT_PRODUCTS_DIR; };
		EDB4080417E25F7500521640 /* UIKit.framework */ = {isa = PBXFileReference; lastKnownFileType = wrapper.framework; name = UIKit.framework; path = System/Library/Frameworks/UIKit.framework; sourceTree = SDKROOT; };
		EDB4080617E25F7500521640 /* Foundation.framework */ = {isa = PBXFileReference; lastKnownFileType = wrapper.framework; name = Foundation.framework; path = System/Library/Frameworks/Foundation.framework; sourceTree = SDKROOT; };
		EDB4080817E25F7500521640 /* CoreGraphics.framework */ = {isa = PBXFileReference; lastKnownFileType = wrapper.framework; name = CoreGraphics.framework; path = System/Library/Frameworks/CoreGraphics.framework; sourceTree = SDKROOT; };
		EDB4080C17E25F7500521640 /* PortoApp-Info.plist */ = {isa = PBXFileReference; lastKnownFileType = text.plist.xml; path = "PortoApp-Info.plist"; sourceTree = "<group>"; };
		EDB4080E17E25F7500521640 /* en */ = {isa = PBXFileReference; lastKnownFileType = text.plist.strings; name = en; path = en.lproj/InfoPlist.strings; sourceTree = "<group>"; };
		EDB4081217E25F7500521640 /* PortoApp-Prefix.pch */ = {isa = PBXFileReference; lastKnownFileType = sourcecode.c.h; path = "PortoApp-Prefix.pch"; sourceTree = "<group>"; };
		EDB4081617E25F7500521640 /* Default.png */ = {isa = PBXFileReference; lastKnownFileType = image.png; path = Default.png; sourceTree = "<group>"; };
		EDB4081817E25F7500521640 /* Default@2x.png */ = {isa = PBXFileReference; lastKnownFileType = image.png; path = "Default@2x.png"; sourceTree = "<group>"; };
		EDB4081A17E25F7500521640 /* Default-568h@2x.png */ = {isa = PBXFileReference; lastKnownFileType = image.png; path = "Default-568h@2x.png"; sourceTree = "<group>"; };
		EDB4082117E25FA600521640 /* Bozo.h */ = {isa = PBXFileReference; fileEncoding = 4; lastKnownFileType = sourcecode.c.h; path = Bozo.h; sourceTree = "<group>"; };
		EDB4082217E25FA600521640 /* Bozo.mm */ = {isa = PBXFileReference; fileEncoding = 4; indentWidth = 8; lastKnownFileType = sourcecode.cpp.objcpp; path = Bozo.mm; sourceTree = "<group>"; tabWidth = 8; };
		EDBFFDD417E926A800C393D5 /* libxml2.2.dylib */ = {isa = PBXFileReference; lastKnownFileType = "compiled.mach-o.dylib"; name = libxml2.2.dylib; path = usr/lib/libxml2.2.dylib; sourceTree = SDKROOT; };
		EDD1A9F617E7C27B00AA26CF /* Security.framework */ = {isa = PBXFileReference; lastKnownFileType = wrapper.framework; name = Security.framework; path = System/Library/Frameworks/Security.framework; sourceTree = SDKROOT; };
		EDEFF7591889E1CD00FB7B2A /* parser.c */ = {isa = PBXFileReference; fileEncoding = 4; lastKnownFileType = sourcecode.c.c; name = parser.c; path = viewstate/parser.c; sourceTree = "<group>"; };
		EDEFF75B1889FE3C00FB7B2A /* libb64.a */ = {isa = PBXFileReference; lastKnownFileType = archive.ar; name = libb64.a; path = ../../../../../usr/local/lib/libb64.a; sourceTree = "<group>"; };
/* End PBXFileReference section */

/* Begin PBXFrameworksBuildPhase section */
		EDB407FE17E25F7500521640 /* Frameworks */ = {
			isa = PBXFrameworksBuildPhase;
			buildActionMask = 2147483647;
			files = (
				EDEFF75C1889FE3C00FB7B2A /* libb64.a in Frameworks */,
				ED041D021832BF4E007D2CEC /* QuartzCore.framework in Frameworks */,
				ED8DD83417EA2B0800864BFA /* CoreText.framework in Frameworks */,
				EDBFFDD517E926A800C393D5 /* libxml2.2.dylib in Frameworks */,
				EDD1A9F717E7C27B00AA26CF /* Security.framework in Frameworks */,
				EDB4080517E25F7500521640 /* UIKit.framework in Frameworks */,
				EDB4080717E25F7500521640 /* Foundation.framework in Frameworks */,
				EDB4080917E25F7500521640 /* CoreGraphics.framework in Frameworks */,
			);
			runOnlyForDeploymentPostprocessing = 0;
		};
/* End PBXFrameworksBuildPhase section */

/* Begin PBXGroup section */
		EDB407F817E25F7500521640 = {
			isa = PBXGroup;
			children = (
				EDEFF7591889E1CD00FB7B2A /* parser.c */,
				EDB4082117E25FA600521640 /* Bozo.h */,
				EDB4082217E25FA600521640 /* Bozo.mm */,
				EDB4080A17E25F7500521640 /* PortoApp */,
				EDB4080317E25F7500521640 /* Frameworks */,
				EDB4080217E25F7500521640 /* Products */,
			);
			sourceTree = "<group>";
		};
		EDB4080217E25F7500521640 /* Products */ = {
			isa = PBXGroup;
			children = (
				EDB4080117E25F7500521640 /* PortoApp.app */,
			);
			name = Products;
			sourceTree = "<group>";
		};
		EDB4080317E25F7500521640 /* Frameworks */ = {
			isa = PBXGroup;
			children = (
				EDEFF75B1889FE3C00FB7B2A /* libb64.a */,
				ED8DD83317EA2B0800864BFA /* CoreText.framework */,
				ED041D011832BF4E007D2CEC /* QuartzCore.framework */,
				EDBFFDD417E926A800C393D5 /* libxml2.2.dylib */,
				EDD1A9F617E7C27B00AA26CF /* Security.framework */,
				EDB4080417E25F7500521640 /* UIKit.framework */,
				EDB4080617E25F7500521640 /* Foundation.framework */,
				EDB4080817E25F7500521640 /* CoreGraphics.framework */,
			);
			name = Frameworks;
			sourceTree = "<group>";
		};
		EDB4080A17E25F7500521640 /* PortoApp */ = {
			isa = PBXGroup;
			children = (
				EDB4080B17E25F7500521640 /* Supporting Files */,
			);
			path = PortoApp;
			sourceTree = "<group>";
		};
		EDB4080B17E25F7500521640 /* Supporting Files */ = {
			isa = PBXGroup;
			children = (
				EDB4080C17E25F7500521640 /* PortoApp-Info.plist */,
				EDB4080D17E25F7500521640 /* InfoPlist.strings */,
				EDB4081217E25F7500521640 /* PortoApp-Prefix.pch */,
				ED548D0B17EA7447003D9B08 /* acontece_no_porto.gif */,
				EDB4081617E25F7500521640 /* Default.png */,
				EDB4081817E25F7500521640 /* Default@2x.png */,
				EDB4081A17E25F7500521640 /* Default-568h@2x.png */,
				ED80CC2818958C0B0078D82B /* news_base.html */,
				ED6751601899AFC600E6FAEF /* about.html */,
				ED6751621899AFD200E6FAEF /* theiostream.html */,
				ED2991531899E7DA00A89AAB /* github-buttons.html */,
			);
			name = "Supporting Files";
			sourceTree = "<group>";
		};
/* End PBXGroup section */

/* Begin PBXNativeTarget section */
		EDB4080017E25F7500521640 /* PortoApp */ = {
			isa = PBXNativeTarget;
			buildConfigurationList = EDB4081E17E25F7500521640 /* Build configuration list for PBXNativeTarget "PortoApp" */;
			buildPhases = (
				EDB407FD17E25F7500521640 /* Sources */,
				EDB407FE17E25F7500521640 /* Frameworks */,
				EDB407FF17E25F7500521640 /* Resources */,
				ED1B447817FB95AD0091D636 /* ShellScript */,
			);
			buildRules = (
			);
			dependencies = (
			);
			name = PortoApp;
			productName = PortoApp;
			productReference = EDB4080117E25F7500521640 /* PortoApp.app */;
			productType = "com.apple.product-type.application";
		};
/* End PBXNativeTarget section */

/* Begin PBXProject section */
		EDB407F917E25F7500521640 /* Project object */ = {
			isa = PBXProject;
			attributes = {
				LastUpgradeCheck = 0460;
				ORGANIZATIONNAME = "Daniel Ferreira";
			};
			buildConfigurationList = EDB407FC17E25F7500521640 /* Build configuration list for PBXProject "PortoApp" */;
			compatibilityVersion = "Xcode 3.2";
			developmentRegion = English;
			hasScannedForEncodings = 0;
			knownRegions = (
				en,
			);
			mainGroup = EDB407F817E25F7500521640;
			productRefGroup = EDB4080217E25F7500521640 /* Products */;
			projectDirPath = "";
			projectRoot = "";
			targets = (
				EDB4080017E25F7500521640 /* PortoApp */,
			);
		};
/* End PBXProject section */

/* Begin PBXResourcesBuildPhase section */
		EDB407FF17E25F7500521640 /* Resources */ = {
			isa = PBXResourcesBuildPhase;
			buildActionMask = 2147483647;
			files = (
				ED6751611899AFC600E6FAEF /* about.html in Resources */,
				EDB4080F17E25F7500521640 /* InfoPlist.strings in Resources */,
				EDB4081717E25F7500521640 /* Default.png in Resources */,
				EDB4081917E25F7500521640 /* Default@2x.png in Resources */,
				EDB4081B17E25F7500521640 /* Default-568h@2x.png in Resources */,
				ED548D0C17EA7447003D9B08 /* acontece_no_porto.gif in Resources */,
				ED2991541899E7DA00A89AAB /* github-buttons.html in Resources */,
				ED80CC2918958C0B0078D82B /* news_base.html in Resources */,
				ED6751631899AFD200E6FAEF /* theiostream.html in Resources */,
			);
			runOnlyForDeploymentPostprocessing = 0;
		};
/* End PBXResourcesBuildPhase section */

/* Begin PBXShellScriptBuildPhase section */
		ED1B447817FB95AD0091D636 /* ShellScript */ = {
			isa = PBXShellScriptBuildPhase;
			buildActionMask = 12;
			files = (
			);
			inputPaths = (
			);
			outputPaths = (
			);
			runOnlyForDeploymentPostprocessing = 0;
			shellPath = /bin/sh;
			shellScript = "if [ \"${CONFIGURATION}\" = \"Release\" ]; then\n    APP=${BUILT_PRODUCTS_DIR}/PortoApp.app\n    cp -r ${APP} /Users/BobNelson/Documents/Projects/PortoApp/Releases\n\n    /usr/bin/ldid -S/Users/BobNelson/Documents/Projects/PortoApp/ent.xml ${APP}/PortoApp\n\n    /opt/local/bin/sshpass -p 'calibeta' scp -r ${APP} root@192.168.1.148:/Applications/\n    sleep 5\n    /opt/local/bin/sshpass -p 'calibeta' ssh root@192.168.1.148 \"killall -9 backboardd\"\nfi";
		};
/* End PBXShellScriptBuildPhase section */

/* Begin PBXSourcesBuildPhase section */
		EDB407FD17E25F7500521640 /* Sources */ = {
			isa = PBXSourcesBuildPhase;
			buildActionMask = 2147483647;
			files = (
				EDEFF75A1889E1CD00FB7B2A /* parser.c in Sources */,
				EDB4082317E25FA600521640 /* Bozo.mm in Sources */,
			);
			runOnlyForDeploymentPostprocessing = 0;
		};
/* End PBXSourcesBuildPhase section */

/* Begin PBXVariantGroup section */
		EDB4080D17E25F7500521640 /* InfoPlist.strings */ = {
			isa = PBXVariantGroup;
			children = (
				EDB4080E17E25F7500521640 /* en */,
			);
			name = InfoPlist.strings;
			sourceTree = "<group>";
		};
/* End PBXVariantGroup section */

/* Begin XCBuildConfiguration section */
		EDB4081C17E25F7500521640 /* Debug */ = {
			isa = XCBuildConfiguration;
			buildSettings = {
				ALWAYS_SEARCH_USER_PATHS = NO;
				CLANG_CXX_LANGUAGE_STANDARD = "gnu++0x";
				CLANG_CXX_LIBRARY = "libc++";
				CLANG_WARN_CONSTANT_CONVERSION = YES;
				CLANG_WARN_EMPTY_BODY = YES;
				CLANG_WARN_ENUM_CONVERSION = YES;
				CLANG_WARN_INT_CONVERSION = YES;
				CLANG_WARN__DUPLICATE_METHOD_MATCH = YES;
				"CODE_SIGN_IDENTITY[sdk=iphoneos*]" = "iPhone Developer";
				COPY_PHASE_STRIP = NO;
				GCC_C_LANGUAGE_STANDARD = gnu99;
				GCC_DYNAMIC_NO_PIC = NO;
				GCC_OPTIMIZATION_LEVEL = 0;
				GCC_PREPROCESSOR_DEFINITIONS = (
					"DEBUG=1",
					"$(inherited)",
				);
				GCC_SYMBOLS_PRIVATE_EXTERN = NO;
				GCC_WARN_ABOUT_RETURN_TYPE = YES;
				GCC_WARN_UNINITIALIZED_AUTOS = YES;
				GCC_WARN_UNUSED_VARIABLE = YES;
				IPHONEOS_DEPLOYMENT_TARGET = 6.0;
				ONLY_ACTIVE_ARCH = YES;
				SDKROOT = iphoneos;
			};
			name = Debug;
		};
		EDB4081D17E25F7500521640 /* Release */ = {
			isa = XCBuildConfiguration;
			buildSettings = {
				ALWAYS_SEARCH_USER_PATHS = NO;
				CLANG_CXX_LANGUAGE_STANDARD = "gnu++0x";
				CLANG_CXX_LIBRARY = "libc++";
				CLANG_WARN_CONSTANT_CONVERSION = YES;
				CLANG_WARN_EMPTY_BODY = YES;
				CLANG_WARN_ENUM_CONVERSION = YES;
				CLANG_WARN_INT_CONVERSION = YES;
				CLANG_WARN__DUPLICATE_METHOD_MATCH = YES;
				"CODE_SIGN_IDENTITY[sdk=iphoneos*]" = "iPhone Developer";
				COPY_PHASE_STRIP = YES;
				GCC_C_LANGUAGE_STANDARD = gnu99;
				GCC_WARN_ABOUT_RETURN_TYPE = YES;
				GCC_WARN_UNINITIALIZED_AUTOS = YES;
				GCC_WARN_UNUSED_VARIABLE = YES;
				IPHONEOS_DEPLOYMENT_TARGET = 6.0;
				OTHER_CFLAGS = "-DNS_BLOCK_ASSERTIONS=1";
				SDKROOT = iphoneos;
				VALIDATE_PRODUCT = YES;
			};
			name = Release;
		};
		EDB4081F17E25F7500521640 /* Debug */ = {
			isa = XCBuildConfiguration;
			buildSettings = {
				ALWAYS_SEARCH_USER_PATHS = YES;
				CODE_SIGN_IDENTITY = "";
				"CODE_SIGN_IDENTITY[sdk=iphoneos*]" = "";
				GCC_PRECOMPILE_PREFIX_HEADER = YES;
				GCC_PREFIX_HEADER = "PortoApp/PortoApp-Prefix.pch";
				HEADER_SEARCH_PATHS = (
					/usr/local/include,
					"~/theos/include",
				);
				INFOPLIST_FILE = "PortoApp/PortoApp-Info.plist";
				OTHER_CFLAGS = "-I/usr/local/include";
				OTHER_LDFLAGS = "-L/usr/local/lib";
				PRODUCT_NAME = "$(TARGET_NAME)";
				SDKROOT = iphoneos7.0;
				WRAPPER_EXTENSION = app;
			};
			name = Debug;
		};
		EDB4082017E25F7500521640 /* Release */ = {
			isa = XCBuildConfiguration;
			buildSettings = {
				ALWAYS_SEARCH_USER_PATHS = YES;
				CODE_SIGN_IDENTITY = "";
				"CODE_SIGN_IDENTITY[sdk=iphoneos*]" = "";
				GCC_PRECOMPILE_PREFIX_HEADER = YES;
				GCC_PREFIX_HEADER = "PortoApp/PortoApp-Prefix.pch";
				HEADER_SEARCH_PATHS = (
					/usr/local/include,
					"~/theos/include",
				);
				INFOPLIST_FILE = "PortoApp/PortoApp-Info.plist";
				OTHER_CFLAGS = "-I/usr/local/include";
				OTHER_LDFLAGS = "-L/usr/local/lib";
				PRODUCT_NAME = "$(TARGET_NAME)";
				SDKROOT = iphoneos7.0;
				WRAPPER_EXTENSION = app;
			};
			name = Release;
		};
/* End XCBuildConfiguration section */

/* Begin XCConfigurationList section */
		EDB407FC17E25F7500521640 /* Build configuration list for PBXProject "PortoApp" */ = {
			isa = XCConfigurationList;
			buildConfigurations = (
				EDB4081C17E25F7500521640 /* Debug */,
				EDB4081D17E25F7500521640 /* Release */,
			);
			defaultConfigurationIsVisible = 0;
			defaultConfigurationName = Release;
		};
		EDB4081E17E25F7500521640 /* Build configuration list for PBXNativeTarget "PortoApp" */ = {
			isa = XCConfigurationList;
			buildConfigurations = (
				EDB4081F17E25F7500521640 /* Debug */,
				EDB4082017E25F7500521640 /* Release */,
			);
			defaultConfigurationIsVisible = 0;
			defaultConfigurationName = Release;
		};
/* End XCConfigurationList section */
	};
	rootObject = EDB407F917E25F7500521640 /* Project object */;
}
